
Microsoft Visual Studio Solution File, Format Version 11.00
# Visual Studio 2010
Project("{FAE04EC0-301F-11D3-BF4B-00C04F79EFBC}") = "After", "After\After.csproj", "{6B3F4616-7CC7-46DD-8B85-E849C66DE17A}"
EndProject
Project("{FAE04EC0-301F-11D3-BF4B-00C04F79EFBC}") = "Before", "Before\Before.csproj", "{4F071850-5EFA-4282-B078-2E1675C035C1}"
EndProject
Project("{FAE04EC0-301F-11D3-BF4B-00C04F79EFBC}") = "Before.Tests", "Before.Tests\Before.Tests.csproj", "{7198DB14-43B0-46F2-A645-D7BEF7472C11}"
EndProject
Project("{FAE04EC0-301F-11D3-BF4B-00C04F79EFBC}") = "After.Tests", "After.Tests\After.Tests.csproj", "{F5A54341-EBFD-422E-9060-2B19E97E9CF0}"
EndProject
Project("{2150E333-8FDC-42A3-9474-1A3956D46DE8}") = "_Before", "_Before", "{96A5103A-14DE-485F-9EFC-C0FA6DEF1A3B}"
EndProject
Project("{2150E333-8FDC-42A3-9474-1A3956D46DE8}") = "_After", "_After", "{38F15C9D-8C87-4488-A502-05858E88CCAC}"
EndProject
Global
	GlobalSection(SolutionConfigurationPlatforms) = preSolution
		Debug|Any CPU = Debug|Any CPU
		Release|Any CPU = Release|Any CPU
	EndGlobalSection
	GlobalSection(ProjectConfigurationPlatforms) = postSolution
		{6B3F4616-7CC7-46DD-8B85-E849C66DE17A}.Debug|Any CPU.ActiveCfg = Debug|Any CPU
		{6B3F4616-7CC7-46DD-8B85-E849C66DE17A}.Debug|Any CPU.Build.0 = Debug|Any CPU
		{6B3F4616-7CC7-46DD-8B85-E849C66DE17A}.Release|Any CPU.ActiveCfg = Release|Any CPU
		{6B3F4616-7CC7-46DD-8B85-E849C66DE17A}.Release|Any CPU.Build.0 = Release|Any CPU
		{4F071850-5EFA-4282-B078-2E1675C035C1}.Debug|Any CPU.ActiveCfg = Debug|Any CPU
		{4F071850-5EFA-4282-B078-2E1675C035C1}.Debug|Any CPU.Build.0 = Debug|Any CPU
		{4F071850-5EFA-4282-B078-2E1675C035C1}.Release|Any CPU.ActiveCfg = Release|Any CPU
		{4F071850-5EFA-4282-B078-2E1675C035C1}.Release|Any CPU.Build.0 = Release|Any CPU
		{7198DB14-43B0-46F2-A645-D7BEF7472C11}.Debug|Any CPU.ActiveCfg = Debug|Any CPU
		{7198DB14-43B0-46F2-A645-D7BEF7472C11}.Debug|Any CPU.Build.0 = Debug|Any CPU
		{7198DB14-43B0-46F2-A645-D7BEF7472C11}.Release|Any CPU.ActiveCfg = Release|Any CPU
		{7198DB14-43B0-46F2-A645-D7BEF7472C11}.Release|Any CPU.Build.0 = Release|Any CPU
		{F5A54341-EBFD-422E-9060-2B19E97E9CF0}.Debug|Any CPU.ActiveCfg = Debug|Any CPU
		{F5A54341-EBFD-422E-9060-2B19E97E9CF0}.Debug|Any CPU.Build.0 = Debug|Any CPU
		{F5A54341-EBFD-422E-9060-2B19E97E9CF0}.Release|Any CPU.ActiveCfg = Release|Any CPU
		{F5A54341-EBFD-422E-9060-2B19E97E9CF0}.Release|Any CPU.Build.0 = Release|Any CPU
	EndGlobalSection
	GlobalSection(SolutionProperties) = preSolution
		HideSolutionNode = FALSE
	EndGlobalSection
	GlobalSection(NestedProjects) = preSolution
		{F5A54341-EBFD-422E-9060-2B19E97E9CF0} = {38F15C9D-8C87-4488-A502-05858E88CCAC}
		{6B3F4616-7CC7-46DD-8B85-E849C66DE17A} = {38F15C9D-8C87-4488-A502-05858E88CCAC}
		{7198DB14-43B0-46F2-A645-D7BEF7472C11} = {96A5103A-14DE-485F-9EFC-C0FA6DEF1A3B}
		{4F071850-5EFA-4282-B078-2E1675C035C1} = {96A5103A-14DE-485F-9EFC-C0FA6DEF1A3B}
	EndGlobalSection
EndGlobal
