
Microsoft Visual Studio Solution File, Format Version 11.00
# Visual Studio 2010
Project("{FAE04EC0-301F-11D3-BF4B-00C04F79EFBC}") = "RefactoringGolf.Store.Tests", "RefactoringGolf.Store.Tests\RefactoringGolf.Store.Tests.csproj", "{7198DB14-43B0-46F2-A645-D7BEF7472C11}"
EndProject
Project("{FAE04EC0-301F-11D3-BF4B-00C04F79EFBC}") = "RefactoringGolf.Store", "RefactoringGolf.Store\RefactoringGolf.Store.csproj", "{4F071850-5EFA-4282-B078-2E1675C035C1}"
EndProject
Global
	GlobalSection(SolutionConfigurationPlatforms) = preSolution
		Debug|Any CPU = Debug|Any CPU
		Release|Any CPU = Release|Any CPU
	EndGlobalSection
	GlobalSection(ProjectConfigurationPlatforms) = postSolution
		{7198DB14-43B0-46F2-A645-D7BEF7472C11}.Debug|Any CPU.ActiveCfg = Debug|Any CPU
		{7198DB14-43B0-46F2-A645-D7BEF7472C11}.Debug|Any CPU.Build.0 = Debug|Any CPU
		{7198DB14-43B0-46F2-A645-D7BEF7472C11}.Release|Any CPU.ActiveCfg = Release|Any CPU
		{7198DB14-43B0-46F2-A645-D7BEF7472C11}.Release|Any CPU.Build.0 = Release|Any CPU
		{4F071850-5EFA-4282-B078-2E1675C035C1}.Debug|Any CPU.ActiveCfg = Debug|Any CPU
		{4F071850-5EFA-4282-B078-2E1675C035C1}.Debug|Any CPU.Build.0 = Debug|Any CPU
		{4F071850-5EFA-4282-B078-2E1675C035C1}.Release|Any CPU.ActiveCfg = Release|Any CPU
		{4F071850-5EFA-4282-B078-2E1675C035C1}.Release|Any CPU.Build.0 = Release|Any CPU
	EndGlobalSection
	GlobalSection(SolutionProperties) = preSolution
		HideSolutionNode = FALSE
	EndGlobalSection
EndGlobal
